
Microsoft Visual Studio Solution File, Format Version 12.00
# Visual Studio Version 16
VisualStudioVersion = 16.0.31515.178
MinimumVisualStudioVersion = 10.0.40219.1
Project("{FAE04EC0-301F-11D3-BF4B-00C04F79EFBC}") = "Autorentool-RMT.UWP", "Autorentool-RMT\Autorentool-RMT.UWP\Autorentool-RMT.UWP.csproj", "{1297F927-97D3-4FA7-8E08-335F8D20BF7F}"
EndProject
Project("{FAE04EC0-301F-11D3-BF4B-00C04F79EFBC}") = "Autorentool-RMT.Android", "Autorentool-RMT\Autorentool-RMT.Android\Autorentool-RMT.Android.csproj", "{A12DE5C0-E825-4B88-BE0A-05361A9FDAF0}"
EndProject
Project("{FAE04EC0-301F-11D3-BF4B-00C04F79EFBC}") = "Autorentool-RMT.iOS", "Autorentool-RMT\Autorentool-RMT.iOS\Autorentool-RMT.iOS.csproj", "{A7627EB5-50A9-4653-8A03-F9227FF12041}"
EndProject
Project("{FAE04EC0-301F-11D3-BF4B-00C04F79EFBC}") = "Autorentool-RMT", "Autorentool-RMT\Autorentool-RMT\Autorentool-RMT.csproj", "{2E4964CF-F15E-4B79-90A7-EB54432CE03E}"
EndProject
Global
	GlobalSection(SolutionConfigurationPlatforms) = preSolution
		Debug|Any CPU = Debug|Any CPU
		Debug|ARM = Debug|ARM
		Debug|iPhone = Debug|iPhone
		Debug|iPhoneSimulator = Debug|iPhoneSimulator
		Debug|x64 = Debug|x64
		Debug|x86 = Debug|x86
		Release|Any CPU = Release|Any CPU
		Release|ARM = Release|ARM
		Release|iPhone = Release|iPhone
		Release|iPhoneSimulator = Release|iPhoneSimulator
		Release|x64 = Release|x64
		Release|x86 = Release|x86
	EndGlobalSection
	GlobalSection(ProjectConfigurationPlatforms) = postSolution
		{1297F927-97D3-4FA7-8E08-335F8D20BF7F}.Debug|Any CPU.ActiveCfg = Debug|x86
		{1297F927-97D3-4FA7-8E08-335F8D20BF7F}.Debug|Any CPU.Build.0 = Debug|x86
		{1297F927-97D3-4FA7-8E08-335F8D20BF7F}.Debug|Any CPU.Deploy.0 = Debug|x86
		{1297F927-97D3-4FA7-8E08-335F8D20BF7F}.Debug|ARM.ActiveCfg = Debug|ARM
		{1297F927-97D3-4FA7-8E08-335F8D20BF7F}.Debug|ARM.Build.0 = Debug|ARM
		{1297F927-97D3-4FA7-8E08-335F8D20BF7F}.Debug|ARM.Deploy.0 = Debug|ARM
		{1297F927-97D3-4FA7-8E08-335F8D20BF7F}.Debug|iPhone.ActiveCfg = Debug|x86
		{1297F927-97D3-4FA7-8E08-335F8D20BF7F}.Debug|iPhone.Build.0 = Debug|x86
		{1297F927-97D3-4FA7-8E08-335F8D20BF7F}.Debug|iPhone.Deploy.0 = Debug|x86
		{1297F927-97D3-4FA7-8E08-335F8D20BF7F}.Debug|iPhoneSimulator.ActiveCfg = Debug|x86
		{1297F927-97D3-4FA7-8E08-335F8D20BF7F}.Debug|iPhoneSimulator.Build.0 = Debug|x86
		{1297F927-97D3-4FA7-8E08-335F8D20BF7F}.Debug|iPhoneSimulator.Deploy.0 = Debug|x86
		{1297F927-97D3-4FA7-8E08-335F8D20BF7F}.Debug|x64.ActiveCfg = Debug|x64
		{1297F927-97D3-4FA7-8E08-335F8D20BF7F}.Debug|x64.Build.0 = Debug|x64
		{1297F927-97D3-4FA7-8E08-335F8D20BF7F}.Debug|x64.Deploy.0 = Debug|x64
		{1297F927-97D3-4FA7-8E08-335F8D20BF7F}.Debug|x86.ActiveCfg = Debug|x86
		{1297F927-97D3-4FA7-8E08-335F8D20BF7F}.Debug|x86.Build.0 = Debug|x86
		{1297F927-97D3-4FA7-8E08-335F8D20BF7F}.Debug|x86.Deploy.0 = Debug|x86
		{1297F927-97D3-4FA7-8E08-335F8D20BF7F}.Release|Any CPU.ActiveCfg = Release|x86
		{1297F927-97D3-4FA7-8E08-335F8D20BF7F}.Release|Any CPU.Build.0 = Release|x86
		{1297F927-97D3-4FA7-8E08-335F8D20BF7F}.Release|Any CPU.Deploy.0 = Release|x86
		{1297F927-97D3-4FA7-8E08-335F8D20BF7F}.Release|ARM.ActiveCfg = Release|ARM
		{1297F927-97D3-4FA7-8E08-335F8D20BF7F}.Release|ARM.Build.0 = Release|ARM
		{1297F927-97D3-4FA7-8E08-335F8D20BF7F}.Release|ARM.Deploy.0 = Release|ARM
		{1297F927-97D3-4FA7-8E08-335F8D20BF7F}.Release|iPhone.ActiveCfg = Release|x86
		{1297F927-97D3-4FA7-8E08-335F8D20BF7F}.Release|iPhone.Build.0 = Release|x86
		{1297F927-97D3-4FA7-8E08-335F8D20BF7F}.Release|iPhone.Deploy.0 = Release|x86
		{1297F927-97D3-4FA7-8E08-335F8D20BF7F}.Release|iPhoneSimulator.ActiveCfg = Release|x86
		{1297F927-97D3-4FA7-8E08-335F8D20BF7F}.Release|iPhoneSimulator.Build.0 = Release|x86
		{1297F927-97D3-4FA7-8E08-335F8D20BF7F}.Release|iPhoneSimulator.Deploy.0 = Release|x86
		{1297F927-97D3-4FA7-8E08-335F8D20BF7F}.Release|x64.ActiveCfg = Release|x64
		{1297F927-97D3-4FA7-8E08-335F8D20BF7F}.Release|x64.Build.0 = Release|x64
		{1297F927-97D3-4FA7-8E08-335F8D20BF7F}.Release|x64.Deploy.0 = Release|x64
		{1297F927-97D3-4FA7-8E08-335F8D20BF7F}.Release|x86.ActiveCfg = Release|x86
		{1297F927-97D3-4FA7-8E08-335F8D20BF7F}.Release|x86.Build.0 = Release|x86
		{1297F927-97D3-4FA7-8E08-335F8D20BF7F}.Release|x86.Deploy.0 = Release|x86
		{A12DE5C0-E825-4B88-BE0A-05361A9FDAF0}.Debug|Any CPU.ActiveCfg = Debug|Any CPU
		{A12DE5C0-E825-4B88-BE0A-05361A9FDAF0}.Debug|Any CPU.Build.0 = Debug|Any CPU
		{A12DE5C0-E825-4B88-BE0A-05361A9FDAF0}.Debug|Any CPU.Deploy.0 = Debug|Any CPU
		{A12DE5C0-E825-4B88-BE0A-05361A9FDAF0}.Debug|ARM.ActiveCfg = Debug|Any CPU
		{A12DE5C0-E825-4B88-BE0A-05361A9FDAF0}.Debug|ARM.Build.0 = Debug|Any CPU
		{A12DE5C0-E825-4B88-BE0A-05361A9FDAF0}.Debug|ARM.Deploy.0 = Debug|Any CPU
		{A12DE5C0-E825-4B88-BE0A-05361A9FDAF0}.Debug|iPhone.ActiveCfg = Debug|Any CPU
		{A12DE5C0-E825-4B88-BE0A-05361A9FDAF0}.Debug|iPhone.Build.0 = Debug|Any CPU
		{A12DE5C0-E825-4B88-BE0A-05361A9FDAF0}.Debug|iPhone.Deploy.0 = Debug|Any CPU
		{A12DE5C0-E825-4B88-BE0A-05361A9FDAF0}.Debug|iPhoneSimulator.ActiveCfg = Debug|Any CPU
		{A12DE5C0-E825-4B88-BE0A-05361A9FDAF0}.Debug|iPhoneSimulator.Build.0 = Debug|Any CPU
		{A12DE5C0-E825-4B88-BE0A-05361A9FDAF0}.Debug|iPhoneSimulator.Deploy.0 = Debug|Any CPU
		{A12DE5C0-E825-4B88-BE0A-05361A9FDAF0}.Debug|x64.ActiveCfg = Debug|Any CPU
		{A12DE5C0-E825-4B88-BE0A-05361A9FDAF0}.Debug|x64.Build.0 = Debug|Any CPU
		{A12DE5C0-E825-4B88-BE0A-05361A9FDAF0}.Debug|x64.Deploy.0 = Debug|Any CPU
		{A12DE5C0-E825-4B88-BE0A-05361A9FDAF0}.Debug|x86.ActiveCfg = Debug|Any CPU
		{A12DE5C0-E825-4B88-BE0A-05361A9FDAF0}.Debug|x86.Build.0 = Debug|Any CPU
		{A12DE5C0-E825-4B88-BE0A-05361A9FDAF0}.Debug|x86.Deploy.0 = Debug|Any CPU
		{A12DE5C0-E825-4B88-BE0A-05361A9FDAF0}.Release|Any CPU.ActiveCfg = Release|Any CPU
		{A12DE5C0-E825-4B88-BE0A-05361A9FDAF0}.Release|Any CPU.Build.0 = Release|Any CPU
		{A12DE5C0-E825-4B88-BE0A-05361A9FDAF0}.Release|Any CPU.Deploy.0 = Release|Any CPU
		{A12DE5C0-E825-4B88-BE0A-05361A9FDAF0}.Release|ARM.ActiveCfg = Release|Any CPU
		{A12DE5C0-E825-4B88-BE0A-05361A9FDAF0}.Release|ARM.Build.0 = Release|Any CPU
		{A12DE5C0-E825-4B88-BE0A-05361A9FDAF0}.Release|ARM.Deploy.0 = Release|Any CPU
		{A12DE5C0-E825-4B88-BE0A-05361A9FDAF0}.Release|iPhone.ActiveCfg = Release|Any CPU
		{A12DE5C0-E825-4B88-BE0A-05361A9FDAF0}.Release|iPhone.Build.0 = Release|Any CPU
		{A12DE5C0-E825-4B88-BE0A-05361A9FDAF0}.Release|iPhone.Deploy.0 = Release|Any CPU
		{A12DE5C0-E825-4B88-BE0A-05361A9FDAF0}.Release|iPhoneSimulator.ActiveCfg = Release|Any CPU
		{A12DE5C0-E825-4B88-BE0A-05361A9FDAF0}.Release|iPhoneSimulator.Build.0 = Release|Any CPU
		{A12DE5C0-E825-4B88-BE0A-05361A9FDAF0}.Release|iPhoneSimulator.Deploy.0 = Release|Any CPU
		{A12DE5C0-E825-4B88-BE0A-05361A9FDAF0}.Release|x64.ActiveCfg = Release|Any CPU
		{A12DE5C0-E825-4B88-BE0A-05361A9FDAF0}.Release|x64.Build.0 = Release|Any CPU
		{A12DE5C0-E825-4B88-BE0A-05361A9FDAF0}.Release|x64.Deploy.0 = Release|Any CPU
		{A12DE5C0-E825-4B88-BE0A-05361A9FDAF0}.Release|x86.ActiveCfg = Release|Any CPU
		{A12DE5C0-E825-4B88-BE0A-05361A9FDAF0}.Release|x86.Build.0 = Release|Any CPU
		{A12DE5C0-E825-4B88-BE0A-05361A9FDAF0}.Release|x86.Deploy.0 = Release|Any CPU
		{A7627EB5-50A9-4653-8A03-F9227FF12041}.Debug|Any CPU.ActiveCfg = Debug|iPhoneSimulator
		{A7627EB5-50A9-4653-8A03-F9227FF12041}.Debug|Any CPU.Build.0 = Debug|iPhoneSimulator
		{A7627EB5-50A9-4653-8A03-F9227FF12041}.Debug|Any CPU.Deploy.0 = Debug|iPhoneSimulator
		{A7627EB5-50A9-4653-8A03-F9227FF12041}.Debug|ARM.ActiveCfg = Debug|iPhone
		{A7627EB5-50A9-4653-8A03-F9227FF12041}.Debug|ARM.Build.0 = Debug|iPhone
		{A7627EB5-50A9-4653-8A03-F9227FF12041}.Debug|ARM.Deploy.0 = Debug|iPhone
		{A7627EB5-50A9-4653-8A03-F9227FF12041}.Debug|iPhone.ActiveCfg = Debug|iPhone
		{A7627EB5-50A9-4653-8A03-F9227FF12041}.Debug|iPhone.Build.0 = Debug|iPhone
		{A7627EB5-50A9-4653-8A03-F9227FF12041}.Debug|iPhone.Deploy.0 = Debug|iPhone
		{A7627EB5-50A9-4653-8A03-F9227FF12041}.Debug|iPhoneSimulator.ActiveCfg = Debug|iPhoneSimulator
		{A7627EB5-50A9-4653-8A03-F9227FF12041}.Debug|iPhoneSimulator.Build.0 = Debug|iPhoneSimulator
		{A7627EB5-50A9-4653-8A03-F9227FF12041}.Debug|iPhoneSimulator.Deploy.0 = Debug|iPhoneSimulator
		{A7627EB5-50A9-4653-8A03-F9227FF12041}.Debug|x64.ActiveCfg = Debug|iPhoneSimulator
		{A7627EB5-50A9-4653-8A03-F9227FF12041}.Debug|x64.Build.0 = Debug|iPhoneSimulator
		{A7627EB5-50A9-4653-8A03-F9227FF12041}.Debug|x64.Deploy.0 = Debug|iPhoneSimulator
		{A7627EB5-50A9-4653-8A03-F9227FF12041}.Debug|x86.ActiveCfg = Debug|iPhoneSimulator
		{A7627EB5-50A9-4653-8A03-F9227FF12041}.Debug|x86.Build.0 = Debug|iPhoneSimulator
		{A7627EB5-50A9-4653-8A03-F9227FF12041}.Debug|x86.Deploy.0 = Debug|iPhoneSimulator
		{A7627EB5-50A9-4653-8A03-F9227FF12041}.Release|Any CPU.ActiveCfg = Release|iPhoneSimulator
		{A7627EB5-50A9-4653-8A03-F9227FF12041}.Release|Any CPU.Build.0 = Release|iPhoneSimulator
		{A7627EB5-50A9-4653-8A03-F9227FF12041}.Release|Any CPU.Deploy.0 = Release|iPhoneSimulator
		{A7627EB5-50A9-4653-8A03-F9227FF12041}.Release|ARM.ActiveCfg = Release|iPhoneSimulator
		{A7627EB5-50A9-4653-8A03-F9227FF12041}.Release|ARM.Build.0 = Release|iPhoneSimulator
		{A7627EB5-50A9-4653-8A03-F9227FF12041}.Release|ARM.Deploy.0 = Release|iPhoneSimulator
		{A7627EB5-50A9-4653-8A03-F9227FF12041}.Release|iPhone.ActiveCfg = Release|iPhone
		{A7627EB5-50A9-4653-8A03-F9227FF12041}.Release|iPhone.Build.0 = Release|iPhone
		{A7627EB5-50A9-4653-8A03-F9227FF12041}.Release|iPhone.Deploy.0 = Release|iPhone
		{A7627EB5-50A9-4653-8A03-F9227FF12041}.Release|iPhoneSimulator.ActiveCfg = Release|iPhoneSimulator
		{A7627EB5-50A9-4653-8A03-F9227FF12041}.Release|iPhoneSimulator.Build.0 = Release|iPhoneSimulator
		{A7627EB5-50A9-4653-8A03-F9227FF12041}.Release|iPhoneSimulator.Deploy.0 = Release|iPhoneSimulator
		{A7627EB5-50A9-4653-8A03-F9227FF12041}.Release|x64.ActiveCfg = Release|iPhoneSimulator
		{A7627EB5-50A9-4653-8A03-F9227FF12041}.Release|x64.Build.0 = Release|iPhoneSimulator
		{A7627EB5-50A9-4653-8A03-F9227FF12041}.Release|x64.Deploy.0 = Release|iPhoneSimulator
		{A7627EB5-50A9-4653-8A03-F9227FF12041}.Release|x86.ActiveCfg = Release|iPhoneSimulator
		{A7627EB5-50A9-4653-8A03-F9227FF12041}.Release|x86.Build.0 = Release|iPhoneSimulator
		{A7627EB5-50A9-4653-8A03-F9227FF12041}.Release|x86.Deploy.0 = Release|iPhoneSimulator
		{2E4964CF-F15E-4B79-90A7-EB54432CE03E}.Debug|Any CPU.ActiveCfg = Debug|Any CPU
		{2E4964CF-F15E-4B79-90A7-EB54432CE03E}.Debug|Any CPU.Build.0 = Debug|Any CPU
		{2E4964CF-F15E-4B79-90A7-EB54432CE03E}.Debug|Any CPU.Deploy.0 = Debug|Any CPU
		{2E4964CF-F15E-4B79-90A7-EB54432CE03E}.Debug|ARM.ActiveCfg = Debug|Any CPU
		{2E4964CF-F15E-4B79-90A7-EB54432CE03E}.Debug|ARM.Build.0 = Debug|Any CPU
		{2E4964CF-F15E-4B79-90A7-EB54432CE03E}.Debug|ARM.Deploy.0 = Debug|Any CPU
		{2E4964CF-F15E-4B79-90A7-EB54432CE03E}.Debug|iPhone.ActiveCfg = Debug|Any CPU
		{2E4964CF-F15E-4B79-90A7-EB54432CE03E}.Debug|iPhone.Build.0 = Debug|Any CPU
		{2E4964CF-F15E-4B79-90A7-EB54432CE03E}.Debug|iPhone.Deploy.0 = Debug|Any CPU
		{2E4964CF-F15E-4B79-90A7-EB54432CE03E}.Debug|iPhoneSimulator.ActiveCfg = Debug|Any CPU
		{2E4964CF-F15E-4B79-90A7-EB54432CE03E}.Debug|iPhoneSimulator.Build.0 = Debug|Any CPU
		{2E4964CF-F15E-4B79-90A7-EB54432CE03E}.Debug|iPhoneSimulator.Deploy.0 = Debug|Any CPU
		{2E4964CF-F15E-4B79-90A7-EB54432CE03E}.Debug|x64.ActiveCfg = Debug|Any CPU
		{2E4964CF-F15E-4B79-90A7-EB54432CE03E}.Debug|x64.Build.0 = Debug|Any CPU
		{2E4964CF-F15E-4B79-90A7-EB54432CE03E}.Debug|x64.Deploy.0 = Debug|Any CPU
		{2E4964CF-F15E-4B79-90A7-EB54432CE03E}.Debug|x86.ActiveCfg = Debug|Any CPU
		{2E4964CF-F15E-4B79-90A7-EB54432CE03E}.Debug|x86.Build.0 = Debug|Any CPU
		{2E4964CF-F15E-4B79-90A7-EB54432CE03E}.Debug|x86.Deploy.0 = Debug|Any CPU
		{2E4964CF-F15E-4B79-90A7-EB54432CE03E}.Release|Any CPU.ActiveCfg = Release|Any CPU
		{2E4964CF-F15E-4B79-90A7-EB54432CE03E}.Release|Any CPU.Build.0 = Release|Any CPU
		{2E4964CF-F15E-4B79-90A7-EB54432CE03E}.Release|Any CPU.Deploy.0 = Release|Any CPU
		{2E4964CF-F15E-4B79-90A7-EB54432CE03E}.Release|ARM.ActiveCfg = Release|Any CPU
		{2E4964CF-F15E-4B79-90A7-EB54432CE03E}.Release|ARM.Build.0 = Release|Any CPU
		{2E4964CF-F15E-4B79-90A7-EB54432CE03E}.Release|ARM.Deploy.0 = Release|Any CPU
		{2E4964CF-F15E-4B79-90A7-EB54432CE03E}.Release|iPhone.ActiveCfg = Release|Any CPU
		{2E4964CF-F15E-4B79-90A7-EB54432CE03E}.Release|iPhone.Build.0 = Release|Any CPU
		{2E4964CF-F15E-4B79-90A7-EB54432CE03E}.Release|iPhone.Deploy.0 = Release|Any CPU
		{2E4964CF-F15E-4B79-90A7-EB54432CE03E}.Release|iPhoneSimulator.ActiveCfg = Release|Any CPU
		{2E4964CF-F15E-4B79-90A7-EB54432CE03E}.Release|iPhoneSimulator.Build.0 = Release|Any CPU
		{2E4964CF-F15E-4B79-90A7-EB54432CE03E}.Release|iPhoneSimulator.Deploy.0 = Release|Any CPU
		{2E4964CF-F15E-4B79-90A7-EB54432CE03E}.Release|x64.ActiveCfg = Release|Any CPU
		{2E4964CF-F15E-4B79-90A7-EB54432CE03E}.Release|x64.Build.0 = Release|Any CPU
		{2E4964CF-F15E-4B79-90A7-EB54432CE03E}.Release|x64.Deploy.0 = Release|Any CPU
		{2E4964CF-F15E-4B79-90A7-EB54432CE03E}.Release|x86.ActiveCfg = Release|Any CPU
		{2E4964CF-F15E-4B79-90A7-EB54432CE03E}.Release|x86.Build.0 = Release|Any CPU
		{2E4964CF-F15E-4B79-90A7-EB54432CE03E}.Release|x86.Deploy.0 = Release|Any CPU
	EndGlobalSection
	GlobalSection(SolutionProperties) = preSolution
		HideSolutionNode = FALSE
	EndGlobalSection
	GlobalSection(ExtensibilityGlobals) = postSolution
		SolutionGuid = {C8789787-6475-4EDE-A609-9228756FEF43}
	EndGlobalSection
EndGlobal
